{
	"name": "lsp-sample-server",
	"version": "1.0.0",
	"lockfileVersion": 2,
	"requires": true,
	"packages": {
		"": {
			"name": "lsp-sample-server",
			"version": "1.0.0",
			"license": "MIT",
			"dependencies": {
				"vscode-languageserver": "^7.0.0",
				"vscode-languageserver-textdocument": "^1.0.1"
			},
			"engines": {
				"node": "*"
			}
		},
		"node_modules/vscode-jsonrpc": {
			"version": "6.0.0",
			"license": "MIT",
			"engines": {
				"node": ">=8.0.0 || >=10.0.0"
			}
		},
		"node_modules/vscode-languageserver": {
			"version": "7.0.0",
			"license": "MIT",
			"dependencies": {
				"vscode-languageserver-protocol": "3.16.0"
			},
			"bin": {
				"installServerIntoExtension": "bin/installServerIntoExtension"
			}
		},
		"node_modules/vscode-languageserver-protocol": {
			"version": "3.16.0",
			"license": "MIT",
			"dependencies": {
				"vscode-jsonrpc": "6.0.0",
				"vscode-languageserver-types": "3.16.0"
			}
		},
		"node_modules/vscode-languageserver-textdocument": {
			"version": "1.0.1",
			"license": "MIT"
		},
		"node_modules/vscode-languageserver-types": {
			"version": "3.16.0",
			"license": "MIT"
		}
	},
	"dependencies": {
		"vscode-jsonrpc": {
			"version": "6.0.0"
		},
		"vscode-languageserver": {
			"version": "7.0.0",
			"requires": {
				"vscode-languageserver-protocol": "3.16.0"
			}
		},
		"vscode-languageserver-protocol": {
			"version": "3.16.0",
			"requires": {
				"vscode-jsonrpc": "6.0.0",
				"vscode-languageserver-types": "3.16.0"
			}
		},
		"vscode-languageserver-textdocument": {
			"version": "1.0.1"
		},
		"vscode-languageserver-types": {
			"version": "3.16.0"
		}
	}
}
